
Microsoft Visual Studio Solution File, Format Version 12.00
# Visual Studio Version 16
VisualStudioVersion = 16.0.30503.244
MinimumVisualStudioVersion = 10.0.40219.1
Project("{FAE04EC0-301F-11D3-BF4B-00C04F79EFBC}") = "Assignment1_N01442368", "Assignment1_N01442368\Assignment1_N01442368.csproj", "{BC8507A8-3E75-4CB3-B7FA-3CE3EC33E5E7}"
EndProject
Global
	GlobalSection(SolutionConfigurationPlatforms) = preSolution
		Debug|Any CPU = Debug|Any CPU
		Release|Any CPU = Release|Any CPU
	EndGlobalSection
	GlobalSection(ProjectConfigurationPlatforms) = postSolution
		{BC8507A8-3E75-4CB3-B7FA-3CE3EC33E5E7}.Debug|Any CPU.ActiveCfg = Debug|Any CPU
		{BC8507A8-3E75-4CB3-B7FA-3CE3EC33E5E7}.Debug|Any CPU.Build.0 = Debug|Any CPU
		{BC8507A8-3E75-4CB3-B7FA-3CE3EC33E5E7}.Release|Any CPU.ActiveCfg = Release|Any CPU
		{BC8507A8-3E75-4CB3-B7FA-3CE3EC33E5E7}.Release|Any CPU.Build.0 = Release|Any CPU
	EndGlobalSection
	GlobalSection(SolutionProperties) = preSolution
		HideSolutionNode = FALSE
	EndGlobalSection
	GlobalSection(ExtensibilityGlobals) = postSolution
		SolutionGuid = {8750D9DE-20BD-40F0-AAC5-56D0FE9A4942}
	EndGlobalSection
EndGlobal
